// !$*UTF8*$!
{
	archiveVersion = 1;
	classes = {
	};
	objectVersion = 50;
	objects = {

/* Begin PBXBuildFile section */
		BA97DAD120CB281000F86DB4 /* AppDelegate.swift in Sources */ = {isa = PBXBuildFile; fileRef = BA97DAD020CB281000F86DB4 /* AppDelegate.swift */; };
		BA97DAD320CB281000F86DB4 /* ViewController.swift in Sources */ = {isa = PBXBuildFile; fileRef = BA97DAD220CB281000F86DB4 /* ViewController.swift */; };
		BA97DAD620CB281000F86DB4 /* Main.storyboard in Resources */ = {isa = PBXBuildFile; fileRef = BA97DAD420CB281000F86DB4 /* Main.storyboard */; };
		BA97DAD820CB281100F86DB4 /* Assets.xcassets in Resources */ = {isa = PBXBuildFile; fileRef = BA97DAD720CB281100F86DB4 /* Assets.xcassets */; };
		BA97DADB20CB281100F86DB4 /* LaunchScreen.storyboard in Resources */ = {isa = PBXBuildFile; fileRef = BA97DAD920CB281100F86DB4 /* LaunchScreen.storyboard */; };
		BA97DAE620CB281100F86DB4 /* UserNotificationTestAppTests.swift in Sources */ = {isa = PBXBuildFile; fileRef = BA97DAE520CB281100F86DB4 /* UserNotificationTestAppTests.swift */; };
/* End PBXBuildFile section */

/* Begin PBXContainerItemProxy section */
		BA97DAE220CB281100F86DB4 /* PBXContainerItemProxy */ = {
			isa = PBXContainerItemProxy;
			containerPortal = BA97DAC520CB281000F86DB4 /* Project object */;
			proxyType = 1;
			remoteGlobalIDString = BA97DACC20CB281000F86DB4;
			remoteInfo = UserNotificationTestApp;
		};
/* End PBXContainerItemProxy section */

/* Begin PBXFileReference section */
		BA97DACD20CB281000F86DB4 /* UserNotificationTestApp.app */ = {isa = PBXFileReference; explicitFileType = wrapper.application; includeInIndex = 0; path = UserNotificationTestApp.app; sourceTree = BUILT_PRODUCTS_DIR; };
		BA97DAD020CB281000F86DB4 /* AppDelegate.swift */ = {isa = PBXFileReference; lastKnownFileType = sourcecode.swift; path = AppDelegate.swift; sourceTree = "<group>"; };
		BA97DAD220CB281000F86DB4 /* ViewController.swift */ = {isa = PBXFileReference; lastKnownFileType = sourcecode.swift; path = ViewController.swift; sourceTree = "<group>"; };
		BA97DAD520CB281000F86DB4 /* Base */ = {isa = PBXFileReference; lastKnownFileType = file.storyboard; name = Base; path = Base.lproj/Main.storyboard; sourceTree = "<group>"; };
		BA97DAD720CB281100F86DB4 /* Assets.xcassets */ = {isa = PBXFileReference; lastKnownFileType = folder.assetcatalog; path = Assets.xcassets; sourceTree = "<group>"; };
		BA97DADA20CB281100F86DB4 /* Base */ = {isa = PBXFileReference; lastKnownFileType = file.storyboard; name = Base; path = Base.lproj/LaunchScreen.storyboard; sourceTree = "<group>"; };
		BA97DADC20CB281100F86DB4 /* Info.plist */ = {isa = PBXFileReference; lastKnownFileType = text.plist.xml; path = Info.plist; sourceTree = "<group>"; };
		BA97DAE120CB281100F86DB4 /* UserNotificationTestAppTests.xctest */ = {isa = PBXFileReference; explicitFileType = wrapper.cfbundle; includeInIndex = 0; path = UserNotificationTestAppTests.xctest; sourceTree = BUILT_PRODUCTS_DIR; };
		BA97DAE520CB281100F86DB4 /* UserNotificationTestAppTests.swift */ = {isa = PBXFileReference; lastKnownFileType = sourcecode.swift; path = UserNotificationTestAppTests.swift; sourceTree = "<group>"; };
		BA97DAE720CB281100F86DB4 /* Info.plist */ = {isa = PBXFileReference; lastKnownFileType = text.plist.xml; path = Info.plist; sourceTree = "<group>"; };
		BA97DAF020CB282200F86DB4 /* Interactive User Notifications.playground */ = {isa = PBXFileReference; lastKnownFileType = file.playground; path = "Interactive User Notifications.playground"; sourceTree = "<group>"; xcLanguageSpecificationIdentifier = xcode.lang.swift; };
		BA97DAF120CB2C1D00F86DB4 /* Updates to User Notification Settings.playground */ = {isa = PBXFileReference; lastKnownFileType = file.playground; path = "Updates to User Notification Settings.playground"; sourceTree = "<group>"; xcLanguageSpecificationIdentifier = xcode.lang.swift; };
/* End PBXFileReference section */

/* Begin PBXFrameworksBuildPhase section */
		BA97DACA20CB281000F86DB4 /* Frameworks */ = {
			isa = PBXFrameworksBuildPhase;
			buildActionMask = 2147483647;
			files = (
			);
			runOnlyForDeploymentPostprocessing = 0;
		};
		BA97DADE20CB281100F86DB4 /* Frameworks */ = {
			isa = PBXFrameworksBuildPhase;
			buildActionMask = 2147483647;
			files = (
			);
			runOnlyForDeploymentPostprocessing = 0;
		};
/* End PBXFrameworksBuildPhase section */

/* Begin PBXGroup section */
		BA97DAC420CB281000F86DB4 = {
			isa = PBXGroup;
			children = (
				BA97DAF120CB2C1D00F86DB4 /* Updates to User Notification Settings.playground */,
				BA97DAF020CB282200F86DB4 /* Interactive User Notifications.playground */,
				BA97DACF20CB281000F86DB4 /* UserNotificationTestApp */,
				BA97DAE420CB281100F86DB4 /* UserNotificationTestAppTests */,
				BA97DACE20CB281000F86DB4 /* Products */,
			);
			sourceTree = "<group>";
		};
		BA97DACE20CB281000F86DB4 /* Products */ = {
			isa = PBXGroup;
			children = (
				BA97DACD20CB281000F86DB4 /* UserNotificationTestApp.app */,
				BA97DAE120CB281100F86DB4 /* UserNotificationTestAppTests.xctest */,
			);
			name = Products;
			sourceTree = "<group>";
		};
		BA97DACF20CB281000F86DB4 /* UserNotificationTestApp */ = {
			isa = PBXGroup;
			children = (
				BA97DAD020CB281000F86DB4 /* AppDelegate.swift */,
				BA97DAD220CB281000F86DB4 /* ViewController.swift */,
				BA97DAD420CB281000F86DB4 /* Main.storyboard */,
				BA97DAD720CB281100F86DB4 /* Assets.xcassets */,
				BA97DAD920CB281100F86DB4 /* LaunchScreen.storyboard */,
				BA97DADC20CB281100F86DB4 /* Info.plist */,
			);
			path = UserNotificationTestApp;
			sourceTree = "<group>";
		};
		BA97DAE420CB281100F86DB4 /* UserNotificationTestAppTests */ = {
			isa = PBXGroup;
			children = (
				BA97DAE520CB281100F86DB4 /* UserNotificationTestAppTests.swift */,
				BA97DAE720CB281100F86DB4 /* Info.plist */,
			);
			path = UserNotificationTestAppTests;
			sourceTree = "<group>";
		};
/* End PBXGroup section */

/* Begin PBXNativeTarget section */
		BA97DACC20CB281000F86DB4 /* UserNotificationTestApp */ = {
			isa = PBXNativeTarget;
			buildConfigurationList = BA97DAEA20CB281100F86DB4 /* Build configuration list for PBXNativeTarget "UserNotificationTestApp" */;
			buildPhases = (
				BA97DAC920CB281000F86DB4 /* Sources */,
				BA97DACA20CB281000F86DB4 /* Frameworks */,
				BA97DACB20CB281000F86DB4 /* Resources */,
			);
			buildRules = (
			);
			dependencies = (
			);
			name = UserNotificationTestApp;
			productName = UserNotificationTestApp;
			productReference = BA97DACD20CB281000F86DB4 /* UserNotificationTestApp.app */;
			productType = "com.apple.product-type.application";
		};
		BA97DAE020CB281100F86DB4 /* UserNotificationTestAppTests */ = {
			isa = PBXNativeTarget;
			buildConfigurationList = BA97DAED20CB281100F86DB4 /* Build configuration list for PBXNativeTarget "UserNotificationTestAppTests" */;
			buildPhases = (
				BA97DADD20CB281100F86DB4 /* Sources */,
				BA97DADE20CB281100F86DB4 /* Frameworks */,
				BA97DADF20CB281100F86DB4 /* Resources */,
			);
			buildRules = (
			);
			dependencies = (
				BA97DAE320CB281100F86DB4 /* PBXTargetDependency */,
			);
			name = UserNotificationTestAppTests;
			productName = UserNotificationTestAppTests;
			productReference = BA97DAE120CB281100F86DB4 /* UserNotificationTestAppTests.xctest */;
			productType = "com.apple.product-type.bundle.unit-test";
		};
/* End PBXNativeTarget section */

/* Begin PBXProject section */
		BA97DAC520CB281000F86DB4 /* Project object */ = {
			isa = PBXProject;
			attributes = {
				LastSwiftUpdateCheck = 1000;
				LastUpgradeCheck = 1000;
				ORGANIZATIONNAME = SillyRags;
				TargetAttributes = {
					BA97DACC20CB281000F86DB4 = {
						CreatedOnToolsVersion = 10.0;
					};
					BA97DAE020CB281100F86DB4 = {
						CreatedOnToolsVersion = 10.0;
						TestTargetID = BA97DACC20CB281000F86DB4;
					};
				};
			};
			buildConfigurationList = BA97DAC820CB281000F86DB4 /* Build configuration list for PBXProject "UserNotificationTestApp" */;
			compatibilityVersion = "Xcode 9.3";
			developmentRegion = en;
			hasScannedForEncodings = 0;
			knownRegions = (
				en,
				Base,
			);
			mainGroup = BA97DAC420CB281000F86DB4;
			productRefGroup = BA97DACE20CB281000F86DB4 /* Products */;
			projectDirPath = "";
			projectRoot = "";
			targets = (
				BA97DACC20CB281000F86DB4 /* UserNotificationTestApp */,
				BA97DAE020CB281100F86DB4 /* UserNotificationTestAppTests */,
			);
		};
/* End PBXProject section */

/* Begin PBXResourcesBuildPhase section */
		BA97DACB20CB281000F86DB4 /* Resources */ = {
			isa = PBXResourcesBuildPhase;
			buildActionMask = 2147483647;
			files = (
				BA97DADB20CB281100F86DB4 /* LaunchScreen.storyboard in Resources */,
				BA97DAD820CB281100F86DB4 /* Assets.xcassets in Resources */,
				BA97DAD620CB281000F86DB4 /* Main.storyboard in Resources */,
			);
			runOnlyForDeploymentPostprocessing = 0;
		};
		BA97DADF20CB281100F86DB4 /* Resources */ = {
			isa = PBXResourcesBuildPhase;
			buildActionMask = 2147483647;
			files = (
			);
			runOnlyForDeploymentPostprocessing = 0;
		};
/* End PBXResourcesBuildPhase section */

/* Begin PBXSourcesBuildPhase section */
		BA97DAC920CB281000F86DB4 /* Sources */ = {
			isa = PBXSourcesBuildPhase;
			buildActionMask = 2147483647;
			files = (
				BA97DAD320CB281000F86DB4 /* ViewController.swift in Sources */,
				BA97DAD120CB281000F86DB4 /* AppDelegate.swift in Sources */,
			);
			runOnlyForDeploymentPostprocessing = 0;
		};
		BA97DADD20CB281100F86DB4 /* Sources */ = {
			isa = PBXSourcesBuildPhase;
			buildActionMask = 2147483647;
			files = (
				BA97DAE620CB281100F86DB4 /* UserNotificationTestAppTests.swift in Sources */,
			);
			runOnlyForDeploymentPostprocessing = 0;
		};
/* End PBXSourcesBuildPhase section */

/* Begin PBXTargetDependency section */
		BA97DAE320CB281100F86DB4 /* PBXTargetDependency */ = {
			isa = PBXTargetDependency;
			target = BA97DACC20CB281000F86DB4 /* UserNotificationTestApp */;
			targetProxy = BA97DAE220CB281100F86DB4 /* PBXContainerItemProxy */;
		};
/* End PBXTargetDependency section */

/* Begin PBXVariantGroup section */
		BA97DAD420CB281000F86DB4 /* Main.storyboard */ = {
			isa = PBXVariantGroup;
			children = (
				BA97DAD520CB281000F86DB4 /* Base */,
			);
			name = Main.storyboard;
			sourceTree = "<group>";
		};
		BA97DAD920CB281100F86DB4 /* LaunchScreen.storyboard */ = {
			isa = PBXVariantGroup;
			children = (
				BA97DADA20CB281100F86DB4 /* Base */,
			);
			name = LaunchScreen.storyboard;
			sourceTree = "<group>";
		};
/* End PBXVariantGroup section */

/* Begin XCBuildConfiguration section */
		BA97DAE820CB281100F86DB4 /* Debug */ = {
			isa = XCBuildConfiguration;
			buildSettings = {
				ALWAYS_SEARCH_USER_PATHS = NO;
				CLANG_ANALYZER_NONNULL = YES;
				CLANG_ANALYZER_NUMBER_OBJECT_CONVERSION = YES_AGGRESSIVE;
				CLANG_CXX_LANGUAGE_STANDARD = "gnu++14";
				CLANG_CXX_LIBRARY = "libc++";
				CLANG_ENABLE_MODULES = YES;
				CLANG_ENABLE_OBJC_ARC = YES;
				CLANG_ENABLE_OBJC_WEAK = YES;
				CLANG_WARN_BLOCK_CAPTURE_AUTORELEASING = YES;
				CLANG_WARN_BOOL_CONVERSION = YES;
				CLANG_WARN_COMMA = YES;
				CLANG_WARN_CONSTANT_CONVERSION = YES;
				CLANG_WARN_DEPRECATED_OBJC_IMPLEMENTATIONS = YES;
				CLANG_WARN_DIRECT_OBJC_ISA_USAGE = YES_ERROR;
				CLANG_WARN_DOCUMENTATION_COMMENTS = YES;
				CLANG_WARN_EMPTY_BODY = YES;
				CLANG_WARN_ENUM_CONVERSION = YES;
				CLANG_WARN_INFINITE_RECURSION = YES;
				CLANG_WARN_INT_CONVERSION = YES;
				CLANG_WARN_NON_LITERAL_NULL_CONVERSION = YES;
				CLANG_WARN_OBJC_IMPLICIT_RETAIN_SELF = YES;
				CLANG_WARN_OBJC_LITERAL_CONVERSION = YES;
				CLANG_WARN_OBJC_ROOT_CLASS = YES_ERROR;
				CLANG_WARN_RANGE_LOOP_ANALYSIS = YES;
				CLANG_WARN_STRICT_PROTOTYPES = YES;
				CLANG_WARN_SUSPICIOUS_MOVE = YES;
				CLANG_WARN_UNGUARDED_AVAILABILITY = YES_AGGRESSIVE;
				CLANG_WARN_UNREACHABLE_CODE = YES;
				CLANG_WARN__DUPLICATE_METHOD_MATCH = YES;
				CODE_SIGN_IDENTITY = "iPhone Developer";
				COPY_PHASE_STRIP = NO;
				DEBUG_INFORMATION_FORMAT = dwarf;
				ENABLE_STRICT_OBJC_MSGSEND = YES;
				ENABLE_TESTABILITY = YES;
				GCC_C_LANGUAGE_STANDARD = gnu11;
				GCC_DYNAMIC_NO_PIC = NO;
				GCC_NO_COMMON_BLOCKS = YES;
				GCC_OPTIMIZATION_LEVEL = 0;
				GCC_PREPROCESSOR_DEFINITIONS = (
					"DEBUG=1",
					"$(inherited)",
				);
				GCC_WARN_64_TO_32_BIT_CONVERSION = YES;
				GCC_WARN_ABOUT_RETURN_TYPE = YES_ERROR;
				GCC_WARN_UNDECLARED_SELECTOR = YES;
				GCC_WARN_UNINITIALIZED_AUTOS = YES_AGGRESSIVE;
				GCC_WARN_UNUSED_FUNCTION = YES;
				GCC_WARN_UNUSED_VARIABLE = YES;
				IPHONEOS_DEPLOYMENT_TARGET = 12.0;
				MTL_ENABLE_DEBUG_INFO = INCLUDE_SOURCE;
				ONLY_ACTIVE_ARCH = YES;
				SDKROOT = iphoneos;
				SWIFT_ACTIVE_COMPILATION_CONDITIONS = DEBUG;
				SWIFT_OPTIMIZATION_LEVEL = "-Onone";
			};
			name = Debug;
		};
		BA97DAE920CB281100F86DB4 /* Release */ = {
			isa = XCBuildConfiguration;
			buildSettings = {
				ALWAYS_SEARCH_USER_PATHS = NO;
				CLANG_ANALYZER_NONNULL = YES;
				CLANG_ANALYZER_NUMBER_OBJECT_CONVERSION = YES_AGGRESSIVE;
				CLANG_CXX_LANGUAGE_STANDARD = "gnu++14";
				CLANG_CXX_LIBRARY = "libc++";
				CLANG_ENABLE_MODULES = YES;
				CLANG_ENABLE_OBJC_ARC = YES;
				CLANG_ENABLE_OBJC_WEAK = YES;
				CLANG_WARN_BLOCK_CAPTURE_AUTORELEASING = YES;
				CLANG_WARN_BOOL_CONVERSION = YES;
				CLANG_WARN_COMMA = YES;
				CLANG_WARN_CONSTANT_CONVERSION = YES;
				CLANG_WARN_DEPRECATED_OBJC_IMPLEMENTATIONS = YES;
				CLANG_WARN_DIRECT_OBJC_ISA_USAGE = YES_ERROR;
				CLANG_WARN_DOCUMENTATION_COMMENTS = YES;
				CLANG_WARN_EMPTY_BODY = YES;
				CLANG_WARN_ENUM_CONVERSION = YES;
				CLANG_WARN_INFINITE_RECURSION = YES;
				CLANG_WARN_INT_CONVERSION = YES;
				CLANG_WARN_NON_LITERAL_NULL_CONVERSION = YES;
				CLANG_WARN_OBJC_IMPLICIT_RETAIN_SELF = YES;
				CLANG_WARN_OBJC_LITERAL_CONVERSION = YES;
				CLANG_WARN_OBJC_ROOT_CLASS = YES_ERROR;
				CLANG_WARN_RANGE_LOOP_ANALYSIS = YES;
				CLANG_WARN_STRICT_PROTOTYPES = YES;
				CLANG_WARN_SUSPICIOUS_MOVE = YES;
				CLANG_WARN_UNGUARDED_AVAILABILITY = YES_AGGRESSIVE;
				CLANG_WARN_UNREACHABLE_CODE = YES;
				CLANG_WARN__DUPLICATE_METHOD_MATCH = YES;
				CODE_SIGN_IDENTITY = "iPhone Developer";
				COPY_PHASE_STRIP = NO;
				DEBUG_INFORMATION_FORMAT = "dwarf-with-dsym";
				ENABLE_NS_ASSERTIONS = NO;
				ENABLE_STRICT_OBJC_MSGSEND = YES;
				GCC_C_LANGUAGE_STANDARD = gnu11;
				GCC_NO_COMMON_BLOCKS = YES;
				GCC_WARN_64_TO_32_BIT_CONVERSION = YES;
				GCC_WARN_ABOUT_RETURN_TYPE = YES_ERROR;
				GCC_WARN_UNDECLARED_SELECTOR = YES;
				GCC_WARN_UNINITIALIZED_AUTOS = YES_AGGRESSIVE;
				GCC_WARN_UNUSED_FUNCTION = YES;
				GCC_WARN_UNUSED_VARIABLE = YES;
				IPHONEOS_DEPLOYMENT_TARGET = 12.0;
				MTL_ENABLE_DEBUG_INFO = NO;
				SDKROOT = iphoneos;
				SWIFT_COMPILATION_MODE = wholemodule;
				SWIFT_OPTIMIZATION_LEVEL = "-O";
				VALIDATE_PRODUCT = YES;
			};
			name = Release;
		};
		BA97DAEB20CB281100F86DB4 /* Debug */ = {
			isa = XCBuildConfiguration;
			buildSettings = {
				ASSETCATALOG_COMPILER_APPICON_NAME = AppIcon;
				CODE_SIGN_STYLE = Automatic;
				DEVELOPMENT_TEAM = CJVNJ6YY3D;
				INFOPLIST_FILE = UserNotificationTestApp/Info.plist;
				LD_RUNPATH_SEARCH_PATHS = (
					"$(inherited)",
					"@executable_path/Frameworks",
				);
				PRODUCT_BUNDLE_IDENTIFIER = com.ragan.walker.UserNotificationTestApp;
				PRODUCT_NAME = "$(TARGET_NAME)";
				SWIFT_VERSION = 4.2;
				TARGETED_DEVICE_FAMILY = "1,2";
			};
			name = Debug;
		};
		BA97DAEC20CB281100F86DB4 /* Release */ = {
			isa = XCBuildConfiguration;
			buildSettings = {
				ASSETCATALOG_COMPILER_APPICON_NAME = AppIcon;
				CODE_SIGN_STYLE = Automatic;
				DEVELOPMENT_TEAM = CJVNJ6YY3D;
				INFOPLIST_FILE = UserNotificationTestApp/Info.plist;
				LD_RUNPATH_SEARCH_PATHS = (
					"$(inherited)",
					"@executable_path/Frameworks",
				);
				PRODUCT_BUNDLE_IDENTIFIER = com.ragan.walker.UserNotificationTestApp;
				PRODUCT_NAME = "$(TARGET_NAME)";
				SWIFT_VERSION = 4.2;
				TARGETED_DEVICE_FAMILY = "1,2";
			};
			name = Release;
		};
		BA97DAEE20CB281100F86DB4 /* Debug */ = {
			isa = XCBuildConfiguration;
			buildSettings = {
				ALWAYS_EMBED_SWIFT_STANDARD_LIBRARIES = YES;
				BUNDLE_LOADER = "$(TEST_HOST)";
				CODE_SIGN_STYLE = Automatic;
				DEVELOPMENT_TEAM = CJVNJ6YY3D;
				INFOPLIST_FILE = UserNotificationTestAppTests/Info.plist;
				LD_RUNPATH_SEARCH_PATHS = (
					"$(inherited)",
					"@executable_path/Frameworks",
					"@loader_path/Frameworks",
				);
				PRODUCT_BUNDLE_IDENTIFIER = com.ragan.walker.UserNotificationTestAppTests;
				PRODUCT_NAME = "$(TARGET_NAME)";
				SWIFT_VERSION = 4.2;
				TARGETED_DEVICE_FAMILY = "1,2";
				TEST_HOST = "$(BUILT_PRODUCTS_DIR)/UserNotificationTestApp.app/UserNotificationTestApp";
			};
			name = Debug;
		};
		BA97DAEF20CB281100F86DB4 /* Release */ = {
			isa = XCBuildConfiguration;
			buildSettings = {
				ALWAYS_EMBED_SWIFT_STANDARD_LIBRARIES = YES;
				BUNDLE_LOADER = "$(TEST_HOST)";
				CODE_SIGN_STYLE = Automatic;
				DEVELOPMENT_TEAM = CJVNJ6YY3D;
				INFOPLIST_FILE = UserNotificationTestAppTests/Info.plist;
				LD_RUNPATH_SEARCH_PATHS = (
					"$(inherited)",
					"@executable_path/Frameworks",
					"@loader_path/Frameworks",
				);
				PRODUCT_BUNDLE_IDENTIFIER = com.ragan.walker.UserNotificationTestAppTests;
				PRODUCT_NAME = "$(TARGET_NAME)";
				SWIFT_VERSION = 4.2;
				TARGETED_DEVICE_FAMILY = "1,2";
				TEST_HOST = "$(BUILT_PRODUCTS_DIR)/UserNotificationTestApp.app/UserNotificationTestApp";
			};
			name = Release;
		};
/* End XCBuildConfiguration section */

/* Begin XCConfigurationList section */
		BA97DAC820CB281000F86DB4 /* Build configuration list for PBXProject "UserNotificationTestApp" */ = {
			isa = XCConfigurationList;
			buildConfigurations = (
				BA97DAE820CB281100F86DB4 /* Debug */,
				BA97DAE920CB281100F86DB4 /* Release */,
			);
			defaultConfigurationIsVisible = 0;
			defaultConfigurationName = Release;
		};
		BA97DAEA20CB281100F86DB4 /* Build configuration list for PBXNativeTarget "UserNotificationTestApp" */ = {
			isa = XCConfigurationList;
			buildConfigurations = (
				BA97DAEB20CB281100F86DB4 /* Debug */,
				BA97DAEC20CB281100F86DB4 /* Release */,
			);
			defaultConfigurationIsVisible = 0;
			defaultConfigurationName = Release;
		};
		BA97DAED20CB281100F86DB4 /* Build configuration list for PBXNativeTarget "UserNotificationTestAppTests" */ = {
			isa = XCConfigurationList;
			buildConfigurations = (
				BA97DAEE20CB281100F86DB4 /* Debug */,
				BA97DAEF20CB281100F86DB4 /* Release */,
			);
			defaultConfigurationIsVisible = 0;
			defaultConfigurationName = Release;
		};
/* End XCConfigurationList section */
	};
	rootObject = BA97DAC520CB281000F86DB4 /* Project object */;
}
